
Microsoft Visual Studio Solution File, Format Version 12.00
# Visual Studio Version 17
VisualStudioVersion = 17.14.36414.22
MinimumVisualStudioVersion = 10.0.40219.1
Project("{FAE04EC0-301F-11D3-BF4B-00C04F79EFBC}") = "dk-k8s-redhat-liux", "dk-k8s-redhat-liux\dk-k8s-redhat-liux.csproj", "{74E5637E-BD9F-46A7-9C05-C1365B5913EF}"
EndProject
Project("{FAE04EC0-301F-11D3-BF4B-00C04F79EFBC}") = "FileStorageApp-redhat-linux", "FileStorageApp-redhat-linux\FileStorageApp-redhat-linux.csproj", "{261D29A9-A033-4D6B-909B-C1E935FFEF5B}"
EndProject
Global
	GlobalSection(SolutionConfigurationPlatforms) = preSolution
		Debug|Any CPU = Debug|Any CPU
		Release|Any CPU = Release|Any CPU
	EndGlobalSection
	GlobalSection(ProjectConfigurationPlatforms) = postSolution
		{74E5637E-BD9F-46A7-9C05-C1365B5913EF}.Debug|Any CPU.ActiveCfg = Debug|Any CPU
		{74E5637E-BD9F-46A7-9C05-C1365B5913EF}.Debug|Any CPU.Build.0 = Debug|Any CPU
		{74E5637E-BD9F-46A7-9C05-C1365B5913EF}.Release|Any CPU.ActiveCfg = Release|Any CPU
		{74E5637E-BD9F-46A7-9C05-C1365B5913EF}.Release|Any CPU.Build.0 = Release|Any CPU
		{261D29A9-A033-4D6B-909B-C1E935FFEF5B}.Debug|Any CPU.ActiveCfg = Debug|Any CPU
		{261D29A9-A033-4D6B-909B-C1E935FFEF5B}.Debug|Any CPU.Build.0 = Debug|Any CPU
		{261D29A9-A033-4D6B-909B-C1E935FFEF5B}.Release|Any CPU.ActiveCfg = Release|Any CPU
		{261D29A9-A033-4D6B-909B-C1E935FFEF5B}.Release|Any CPU.Build.0 = Release|Any CPU
	EndGlobalSection
	GlobalSection(SolutionProperties) = preSolution
		HideSolutionNode = FALSE
	EndGlobalSection
	GlobalSection(ExtensibilityGlobals) = postSolution
		SolutionGuid = {0F01D8C0-7B39-4EE2-B088-9F55A040B962}
	EndGlobalSection
EndGlobal
